
Microsoft Visual Studio Solution File, Format Version 12.00
# Visual Studio Version 16
VisualStudioVersion = 16.0.31729.503
MinimumVisualStudioVersion = 10.0.40219.1
Project("{FAE04EC0-301F-11D3-BF4B-00C04F79EFBC}") = "Assignment", "Assignment.csproj", "{EE25F7F0-7F47-43A9-8788-5F8303B1E2EF}"
EndProject
Global
	GlobalSection(SolutionConfigurationPlatforms) = preSolution
		Debug|Any CPU = Debug|Any CPU
		Release|Any CPU = Release|Any CPU
	EndGlobalSection
	GlobalSection(ProjectConfigurationPlatforms) = postSolution
		{EE25F7F0-7F47-43A9-8788-5F8303B1E2EF}.Debug|Any CPU.ActiveCfg = Debug|Any CPU
		{EE25F7F0-7F47-43A9-8788-5F8303B1E2EF}.Debug|Any CPU.Build.0 = Debug|Any CPU
		{EE25F7F0-7F47-43A9-8788-5F8303B1E2EF}.Release|Any CPU.ActiveCfg = Release|Any CPU
		{EE25F7F0-7F47-43A9-8788-5F8303B1E2EF}.Release|Any CPU.Build.0 = Release|Any CPU
	EndGlobalSection
	GlobalSection(SolutionProperties) = preSolution
		HideSolutionNode = FALSE
	EndGlobalSection
	GlobalSection(ExtensibilityGlobals) = postSolution
		SolutionGuid = {FDCD6935-ED3D-4D77-B7B4-C034D13748E2}
	EndGlobalSection
EndGlobal
